{
  "name": "savings",
  "version": "1.0.0",
  "lockfileVersion": 3,
  "requires": true,
  "type": "module",
  "packages": {
    "": {
      "name": "savings",
      "version": "1.0.0",
      "license": "ISC"
    }
  },
  "devDependencies": {
    "vite": "^8.0.0"
  },
  "repository": {
    "type": "git",
    "url": "git+https://github.com/richmanjerry9-code/cointrack.git"
  },
  "scripts": {
    "build": "vite build",
    "dev": "vite --port 3000",
    "preview": "vite preview --port 3000"
  }
}
